github.com/andreburgaud/crypt2go v1.4.0 h1:i2zy+SmjKlQ22eGMR8pIOgrp8OJwbEYp/TVKIcJJBY4=
github.com/andreburgaud/crypt2go v1.4.0/go.mod h1:MVXF4rq1q0igLFpdb+XW1DfIIgvbSsswGRUwwFbzcnc=
golang.org/x/crypto v0.12.0 h1:tFM/ta59kqch6LlvYnPa0yx5a83cL2nHflFhYKvv9Yk=
golang.org/x/crypto v0.12.0/go.mod h1:NF0Gs7EO5K4qLn+Ylc+fih8BSTeIjAP05siRnAh98yw=
